
Microsoft Visual Studio Solution File, Format Version 12.00
# Visual Studio 2013
VisualStudioVersion = 12.0.31101.0
MinimumVisualStudioVersion = 10.0.40219.1
Project("{FAE04EC0-301F-11D3-BF4B-00C04F79EFBC}") = "ImageClassifier", "ImageClassifier.csproj", "{DC9D0E37-5C4E-41C8-A5B4-4B827E5DA8C1}"
EndProject
Global
	GlobalSection(SolutionConfigurationPlatforms) = preSolution
		Debug|Any CPU = Debug|Any CPU
		Release|Any CPU = Release|Any CPU
	EndGlobalSection
	GlobalSection(ProjectConfigurationPlatforms) = postSolution
		{DC9D0E37-5C4E-41C8-A5B4-4B827E5DA8C1}.Debug|Any CPU.ActiveCfg = Debug|Any CPU
		{DC9D0E37-5C4E-41C8-A5B4-4B827E5DA8C1}.Debug|Any CPU.Build.0 = Debug|Any CPU
		{DC9D0E37-5C4E-41C8-A5B4-4B827E5DA8C1}.Release|Any CPU.ActiveCfg = Release|Any CPU
		{DC9D0E37-5C4E-41C8-A5B4-4B827E5DA8C1}.Release|Any CPU.Build.0 = Release|Any CPU
	EndGlobalSection
	GlobalSection(SolutionProperties) = preSolution
		HideSolutionNode = FALSE
	EndGlobalSection
EndGlobal
